{
  "nodes": {
    "nixpkgs": {
      "locked": {
        "lastModified": 1702158992,
        "narHash": "sha256-sV3ktHyktS/GFNDeJ+9kW5IEyU/ioCEPOhDDtQWvmYk=",
        "owner": "NixOS",
        "repo": "nixpkgs",
        "rev": "462cf3b848037d5fab0320441393a4c75a2bd4db",
        "type": "github"
      },
      "original": {
        "owner": "NixOS",
        "repo": "nixpkgs",
        "type": "github"
      }
    },
    "root": {
      "inputs": {
        "nixpkgs": "nixpkgs",
        "vims": "vims"
      }
    },
    "vims": {
      "locked": {
        "lastModified": 1701432809,
        "narHash": "sha256-uHxv4QsOvS2OKMEsBZdreACInIZOdayfbjNJP+AKp3Y=",
        "owner": "countoren",
        "repo": "vims",
        "rev": "ba140cabd75c1bec8c7d8f7587be5a9b26cf9c24",
        "type": "github"
      },
      "original": {
        "owner": "countoren",
        "repo": "vims",
        "type": "github"
      }
    }
  },
  "root": "root",
  "version": 7
}
